
Microsoft Visual Studio Solution File, Format Version 12.00
# Visual Studio Version 17
VisualStudioVersion = 17.3.32901.215
MinimumVisualStudioVersion = 10.0.40219.1
Project("{FAE04EC0-301F-11D3-BF4B-00C04F79EFBC}") = "ConsoleApp3", "ConsoleApp3.csproj", "{F032FA54-9C22-4045-A087-00630A38C147}"
EndProject
Global
	GlobalSection(SolutionConfigurationPlatforms) = preSolution
		Debug|Any CPU = Debug|Any CPU
		Release|Any CPU = Release|Any CPU
	EndGlobalSection
	GlobalSection(ProjectConfigurationPlatforms) = postSolution
		{F032FA54-9C22-4045-A087-00630A38C147}.Debug|Any CPU.ActiveCfg = Debug|Any CPU
		{F032FA54-9C22-4045-A087-00630A38C147}.Debug|Any CPU.Build.0 = Debug|Any CPU
		{F032FA54-9C22-4045-A087-00630A38C147}.Release|Any CPU.ActiveCfg = Release|Any CPU
		{F032FA54-9C22-4045-A087-00630A38C147}.Release|Any CPU.Build.0 = Release|Any CPU
	EndGlobalSection
	GlobalSection(SolutionProperties) = preSolution
		HideSolutionNode = FALSE
	EndGlobalSection
	GlobalSection(ExtensibilityGlobals) = postSolution
		SolutionGuid = {5A588269-D23C-411D-B20B-1063C32D5D8D}
	EndGlobalSection
EndGlobal
